PODS:
  - ORSSerialPort (2.0.2)
  - Sparkle (1.21.2)

DEPENDENCIES:
  - ORSSerialPort
  - Sparkle

SPEC REPOS:
  https://github.com/cocoapods/specs.git:
    - ORSSerialPort
    - Sparkle

SPEC CHECKSUMS:
  ORSSerialPort: 3fb0d2404b7e8b99c4f1aa7e7314d63030cd54c3
  Sparkle: 1678d4707e7665960c7d1b43aca125e6392d11c4

PODFILE CHECKSUM: f91d75b2b1fb7174348e7a1bbc7acd3e9daa0199

COCOAPODS: 1.5.3
